// !$*UTF8*$!
{
	archiveVersion = 1;
	classes = {
	};
	objectVersion = 77;
	objects = {

/* Begin PBXContainerItemProxy section */
		B09C4A2D2EBAC06400F30893 /* PBXContainerItemProxy */ = {
			isa = PBXContainerItemProxy;
			containerPortal = B09C4A172EBAC06300F30893 /* Project object */;
			proxyType = 1;
			remoteGlobalIDString = B09C4A1E2EBAC06300F30893;
			remoteInfo = auraswiftdemo;
		};
		B09C4A372EBAC06400F30893 /* PBXContainerItemProxy */ = {
			isa = PBXContainerItemProxy;
			containerPortal = B09C4A172EBAC06300F30893 /* Project object */;
			proxyType = 1;
			remoteGlobalIDString = B09C4A1E2EBAC06300F30893;
			remoteInfo = auraswiftdemo;
		};
/* End PBXContainerItemProxy section */

/* Begin PBXFileReference section */
		B09C4A1F2EBAC06300F30893 /* AuraDemo.app */ = {isa = PBXFileReference; explicitFileType = wrapper.application; includeInIndex = 0; path = AuraDemo.app; sourceTree = BUILT_PRODUCTS_DIR; };
		B09C4A2C2EBAC06400F30893 /* AuraDemoTests.xctest */ = {isa = PBXFileReference; explicitFileType = wrapper.cfbundle; includeInIndex = 0; path = AuraDemoTests.xctest; sourceTree = BUILT_PRODUCTS_DIR; };
		B09C4A362EBAC06400F30893 /* AuraDemoUITests.xctest */ = {isa = PBXFileReference; explicitFileType = wrapper.cfbundle; includeInIndex = 0; path = AuraDemoUITests.xctest; sourceTree = BUILT_PRODUCTS_DIR; };
/* End PBXFileReference section */

/* Begin PBXFileSystemSynchronizedBuildFileExceptionSet section */
		B09C4A6C2EBB316E00F30893 /* Exceptions for "AuraDemo" folder in "AuraDemo" target */ = {
			isa = PBXFileSystemSynchronizedBuildFileExceptionSet;
			membershipExceptions = (
				Info.plist,
			);
			target = B09C4A1E2EBAC06300F30893 /* AuraDemo */;
		};
/* End PBXFileSystemSynchronizedBuildFileExceptionSet section */

/* Begin PBXFileSystemSynchronizedRootGroup section */
		B09C4A212EBAC06300F30893 /* AuraDemo */ = {
			isa = PBXFileSystemSynchronizedRootGroup;
			exceptions = (
				B09C4A6C2EBB316E00F30893 /* Exceptions for "AuraDemo" folder in "AuraDemo" target */,
			);
			path = AuraDemo;
			sourceTree = "<group>";
		};
		B09C4A2F2EBAC06400F30893 /* AuraDemoTests */ = {
			isa = PBXFileSystemSynchronizedRootGroup;
			path = AuraDemoTests;
			sourceTree = "<group>";
		};
		B09C4A392EBAC06400F30893 /* AuraDemoUITests */ = {
			isa = PBXFileSystemSynchronizedRootGroup;
			path = AuraDemoUITests;
			sourceTree = "<group>";
		};
/* End PBXFileSystemSynchronizedRootGroup section */

/* Begin PBXFrameworksBuildPhase section */
		B09C4A1C2EBAC06300F30893 /* Frameworks */ = {
			isa = PBXFrameworksBuildPhase;
			buildActionMask = 2147483647;
			files = (
			);
			runOnlyForDeploymentPostprocessing = 0;
		};
		B09C4A292EBAC06400F30893 /* Frameworks */ = {
			isa = PBXFrameworksBuildPhase;
			buildActionMask = 2147483647;
			files = (
			);
			runOnlyForDeploymentPostprocessing = 0;
		};
		B09C4A332EBAC06400F30893 /* Frameworks */ = {
			isa = PBXFrameworksBuildPhase;
			buildActionMask = 2147483647;
			files = (
			);
			runOnlyForDeploymentPostprocessing = 0;
		};
/* End PBXFrameworksBuildPhase section */

/* Begin PBXGroup section */
		B09C4A162EBAC06200F30893 = {
			isa = PBXGroup;
			children = (
				B09C4A212EBAC06300F30893 /* AuraDemo */,
				B09C4A2F2EBAC06400F30893 /* AuraDemoTests */,
				B09C4A392EBAC06400F30893 /* AuraDemoUITests */,
				B09C4A202EBAC06300F30893 /* Products */,
			);
			sourceTree = "<group>";
		};
		B09C4A202EBAC06300F30893 /* Products */ = {
			isa = PBXGroup;
			children = (
				B09C4A1F2EBAC06300F30893 /* AuraDemo.app */,
				B09C4A2C2EBAC06400F30893 /* AuraDemoTests.xctest */,
				B09C4A362EBAC06400F30893 /* AuraDemoUITests.xctest */,
			);
			name = Products;
			sourceTree = "<group>";
		};
/* End PBXGroup section */

/* Begin PBXNativeTarget section */
		B09C4A1E2EBAC06300F30893 /* AuraDemo */ = {
			isa = PBXNativeTarget;
			buildConfigurationList = B09C4A402EBAC06400F30893 /* Build configuration list for PBXNativeTarget "AuraDemo" */;
			buildPhases = (
				B09C4A1B2EBAC06300F30893 /* Sources */,
				B09C4A1C2EBAC06300F30893 /* Frameworks */,
				B09C4A1D2EBAC06300F30893 /* Resources */,
			);
			buildRules = (
			);
			dependencies = (
			);
			fileSystemSynchronizedGroups = (
				B09C4A212EBAC06300F30893 /* AuraDemo */,
			);
			name = AuraDemo;
			packageProductDependencies = (
			);
			productName = auraswiftdemo;
			productReference = B09C4A1F2EBAC06300F30893 /* AuraDemo.app */;
			productType = "com.apple.product-type.application";
		};
		B09C4A2B2EBAC06400F30893 /* AuraDemoTests */ = {
			isa = PBXNativeTarget;
			buildConfigurationList = B09C4A432EBAC06400F30893 /* Build configuration list for PBXNativeTarget "AuraDemoTests" */;
			buildPhases = (
				B09C4A282EBAC06400F30893 /* Sources */,
				B09C4A292EBAC06400F30893 /* Frameworks */,
				B09C4A2A2EBAC06400F30893 /* Resources */,
			);
			buildRules = (
			);
			dependencies = (
				B09C4A2E2EBAC06400F30893 /* PBXTargetDependency */,
			);
			fileSystemSynchronizedGroups = (
				B09C4A2F2EBAC06400F30893 /* AuraDemoTests */,
			);
			name = AuraDemoTests;
			packageProductDependencies = (
			);
			productName = auraswiftdemoTests;
			productReference = B09C4A2C2EBAC06400F30893 /* AuraDemoTests.xctest */;
			productType = "com.apple.product-type.bundle.unit-test";
		};
		B09C4A352EBAC06400F30893 /* AuraDemoUITests */ = {
			isa = PBXNativeTarget;
			buildConfigurationList = B09C4A462EBAC06400F30893 /* Build configuration list for PBXNativeTarget "AuraDemoUITests" */;
			buildPhases = (
				B09C4A322EBAC06400F30893 /* Sources */,
				B09C4A332EBAC06400F30893 /* Frameworks */,
				B09C4A342EBAC06400F30893 /* Resources */,
			);
			buildRules = (
			);
			dependencies = (
				B09C4A382EBAC06400F30893 /* PBXTargetDependency */,
			);
			fileSystemSynchronizedGroups = (
				B09C4A392EBAC06400F30893 /* AuraDemoUITests */,
			);
			name = AuraDemoUITests;
			packageProductDependencies = (
			);
			productName = auraswiftdemoUITests;
			productReference = B09C4A362EBAC06400F30893 /* AuraDemoUITests.xctest */;
			productType = "com.apple.product-type.bundle.ui-testing";
		};
/* End PBXNativeTarget section */

/* Begin PBXProject section */
		B09C4A172EBAC06300F30893 /* Project object */ = {
			isa = PBXProject;
			attributes = {
				BuildIndependentTargetsInParallel = 1;
				LastSwiftUpdateCheck = 1630;
				LastUpgradeCheck = 1630;
				TargetAttributes = {
					B09C4A1E2EBAC06300F30893 = {
						CreatedOnToolsVersion = 16.3;
					};
					B09C4A2B2EBAC06400F30893 = {
						CreatedOnToolsVersion = 16.3;
						TestTargetID = B09C4A1E2EBAC06300F30893;
					};
					B09C4A352EBAC06400F30893 = {
						CreatedOnToolsVersion = 16.3;
						TestTargetID = B09C4A1E2EBAC06300F30893;
					};
				};
			};
			buildConfigurationList = B09C4A1A2EBAC06300F30893 /* Build configuration list for PBXProject "AuraDemo" */;
			developmentRegion = en;
			hasScannedForEncodings = 0;
			knownRegions = (
				en,
				Base,
			);
			mainGroup = B09C4A162EBAC06200F30893;
			minimizedProjectReferenceProxies = 1;
			preferredProjectObjectVersion = 77;
			productRefGroup = B09C4A202EBAC06300F30893 /* Products */;
			projectDirPath = "";
			projectRoot = "";
			targets = (
				B09C4A1E2EBAC06300F30893 /* AuraDemo */,
				B09C4A2B2EBAC06400F30893 /* AuraDemoTests */,
				B09C4A352EBAC06400F30893 /* AuraDemoUITests */,
			);
		};
/* End PBXProject section */

/* Begin PBXResourcesBuildPhase section */
		B09C4A1D2EBAC06300F30893 /* Resources */ = {
			isa = PBXResourcesBuildPhase;
			buildActionMask = 2147483647;
			files = (
			);
			runOnlyForDeploymentPostprocessing = 0;
		};
		B09C4A2A2EBAC06400F30893 /* Resources */ = {
			isa = PBXResourcesBuildPhase;
			buildActionMask = 2147483647;
			files = (
			);
			runOnlyForDeploymentPostprocessing = 0;
		};
		B09C4A342EBAC06400F30893 /* Resources */ = {
			isa = PBXResourcesBuildPhase;
			buildActionMask = 2147483647;
			files = (
			);
			runOnlyForDeploymentPostprocessing = 0;
		};
/* End PBXResourcesBuildPhase section */

/* Begin PBXSourcesBuildPhase section */
		B09C4A1B2EBAC06300F30893 /* Sources */ = {
			isa = PBXSourcesBuildPhase;
			buildActionMask = 2147483647;
			files = (
			);
			runOnlyForDeploymentPostprocessing = 0;
		};
		B09C4A282EBAC06400F30893 /* Sources */ = {
			isa = PBXSourcesBuildPhase;
			buildActionMask = 2147483647;
			files = (
			);
			runOnlyForDeploymentPostprocessing = 0;
		};
		B09C4A322EBAC06400F30893 /* Sources */ = {
			isa = PBXSourcesBuildPhase;
			buildActionMask = 2147483647;
			files = (
			);
			runOnlyForDeploymentPostprocessing = 0;
		};
/* End PBXSourcesBuildPhase section */

/* Begin PBXTargetDependency section */
		B09C4A2E2EBAC06400F30893 /* PBXTargetDependency */ = {
			isa = PBXTargetDependency;
			target = B09C4A1E2EBAC06300F30893 /* AuraDemo */;
			targetProxy = B09C4A2D2EBAC06400F30893 /* PBXContainerItemProxy */;
		};
		B09C4A382EBAC06400F30893 /* PBXTargetDependency */ = {
			isa = PBXTargetDependency;
			target = B09C4A1E2EBAC06300F30893 /* AuraDemo */;
			targetProxy = B09C4A372EBAC06400F30893 /* PBXContainerItemProxy */;
		};
/* End PBXTargetDependency section */

/* Begin XCBuildConfiguration section */
		B09C4A3E2EBAC06400F30893 /* Debug */ = {
			isa = XCBuildConfiguration;
			buildSettings = {
				ALWAYS_SEARCH_USER_PATHS = NO;
				ASSETCATALOG_COMPILER_GENERATE_SWIFT_ASSET_SYMBOL_EXTENSIONS = YES;
				CLANG_ANALYZER_NONNULL = YES;
				CLANG_ANALYZER_NUMBER_OBJECT_CONVERSION = YES_AGGRESSIVE;
				CLANG_CXX_LANGUAGE_STANDARD = "gnu++20";
				CLANG_ENABLE_MODULES = YES;
				CLANG_ENABLE_OBJC_ARC = YES;
				CLANG_ENABLE_OBJC_WEAK = YES;
				CLANG_WARN_BLOCK_CAPTURE_AUTORELEASING = YES;
				CLANG_WARN_BOOL_CONVERSION = YES;
				CLANG_WARN_COMMA = YES;
				CLANG_WARN_CONSTANT_CONVERSION = YES;
				CLANG_WARN_DEPRECATED_OBJC_IMPLEMENTATIONS = YES;
				CLANG_WARN_DIRECT_OBJC_ISA_USAGE = YES_ERROR;
				CLANG_WARN_DOCUMENTATION_COMMENTS = YES;
				CLANG_WARN_EMPTY_BODY = YES;
				CLANG_WARN_ENUM_CONVERSION = YES;
				CLANG_WARN_INFINITE_RECURSION = YES;
				CLANG_WARN_INT_CONVERSION = YES;
				CLANG_WARN_NON_LITERAL_NULL_CONVERSION = YES;
				CLANG_WARN_OBJC_IMPLICIT_RETAIN_SELF = YES;
				CLANG_WARN_OBJC_LITERAL_CONVERSION = YES;
				CLANG_WARN_OBJC_ROOT_CLASS = YES_ERROR;
				CLANG_WARN_QUOTED_INCLUDE_IN_FRAMEWORK_HEADER = YES;
				CLANG_WARN_RANGE_LOOP_ANALYSIS = YES;
				CLANG_WARN_STRICT_PROTOTYPES = YES;
				CLANG_WARN_SUSPICIOUS_MOVE = YES;
				CLANG_WARN_UNGUARDED_AVAILABILITY = YES_AGGRESSIVE;
				CLANG_WARN_UNREACHABLE_CODE = YES;
				CLANG_WARN__DUPLICATE_METHOD_MATCH = YES;
				COPY_PHASE_STRIP = NO;
				DEBUG_INFORMATION_FORMAT = dwarf;
				DEVELOPMENT_TEAM = 42Q6MTW43U;
				ENABLE_STRICT_OBJC_MSGSEND = YES;
				ENABLE_TESTABILITY = YES;
				ENABLE_USER_SCRIPT_SANDBOXING = YES;
				GCC_C_LANGUAGE_STANDARD = gnu17;
				GCC_DYNAMIC_NO_PIC = NO;
				GCC_NO_COMMON_BLOCKS = YES;
				GCC_OPTIMIZATION_LEVEL = 0;
				GCC_PREPROCESSOR_DEFINITIONS = (
					"DEBUG=1",
					"$(inherited)",
				);
				GCC_WARN_64_TO_32_BIT_CONVERSION = YES;
				GCC_WARN_ABOUT_RETURN_TYPE = YES_ERROR;
				GCC_WARN_UNDECLARED_SELECTOR = YES;
				GCC_WARN_UNINITIALIZED_AUTOS = YES_AGGRESSIVE;
				GCC_WARN_UNUSED_FUNCTION = YES;
				GCC_WARN_UNUSED_VARIABLE = YES;
				IPHONEOS_DEPLOYMENT_TARGET = 18.4;
				LOCALIZATION_PREFERS_STRING_CATALOGS = YES;
				MTL_ENABLE_DEBUG_INFO = INCLUDE_SOURCE;
				MTL_FAST_MATH = YES;
				ONLY_ACTIVE_ARCH = YES;
				SDKROOT = iphoneos;
				SWIFT_ACTIVE_COMPILATION_CONDITIONS = "DEBUG $(inherited)";
				SWIFT_OPTIMIZATION_LEVEL = "-Onone";
			};
			name = Debug;
		};
		B09C4A3F2EBAC06400F30893 /* Release */ = {
			isa = XCBuildConfiguration;
			buildSettings = {
				ALWAYS_SEARCH_USER_PATHS = NO;
				ASSETCATALOG_COMPILER_GENERATE_SWIFT_ASSET_SYMBOL_EXTENSIONS = YES;
				CLANG_ANALYZER_NONNULL = YES;
				CLANG_ANALYZER_NUMBER_OBJECT_CONVERSION = YES_AGGRESSIVE;
				CLANG_CXX_LANGUAGE_STANDARD = "gnu++20";
				CLANG_ENABLE_MODULES = YES;
				CLANG_ENABLE_OBJC_ARC = YES;
				CLANG_ENABLE_OBJC_WEAK = YES;
				CLANG_WARN_BLOCK_CAPTURE_AUTORELEASING = YES;
				CLANG_WARN_BOOL_CONVERSION = YES;
				CLANG_WARN_COMMA = YES;
				CLANG_WARN_CONSTANT_CONVERSION = YES;
				CLANG_WARN_DEPRECATED_OBJC_IMPLEMENTATIONS = YES;
				CLANG_WARN_DIRECT_OBJC_ISA_USAGE = YES_ERROR;
				CLANG_WARN_DOCUMENTATION_COMMENTS = YES;
				CLANG_WARN_EMPTY_BODY = YES;
				CLANG_WARN_ENUM_CONVERSION = YES;
				CLANG_WARN_INFINITE_RECURSION = YES;
				CLANG_WARN_INT_CONVERSION = YES;
				CLANG_WARN_NON_LITERAL_NULL_CONVERSION = YES;
				CLANG_WARN_OBJC_IMPLICIT_RETAIN_SELF = YES;
				CLANG_WARN_OBJC_LITERAL_CONVERSION = YES;
				CLANG_WARN_OBJC_ROOT_CLASS = YES_ERROR;
				CLANG_WARN_QUOTED_INCLUDE_IN_FRAMEWORK_HEADER = YES;
				CLANG_WARN_RANGE_LOOP_ANALYSIS = YES;
				CLANG_WARN_STRICT_PROTOTYPES = YES;
				CLANG_WARN_SUSPICIOUS_MOVE = YES;
				CLANG_WARN_UNGUARDED_AVAILABILITY = YES_AGGRESSIVE;
				CLANG_WARN_UNREACHABLE_CODE = YES;
				CLANG_WARN__DUPLICATE_METHOD_MATCH = YES;
				COPY_PHASE_STRIP = NO;
				DEBUG_INFORMATION_FORMAT = "dwarf-with-dsym";
				DEVELOPMENT_TEAM = 42Q6MTW43U;
				ENABLE_NS_ASSERTIONS = NO;
				ENABLE_STRICT_OBJC_MSGSEND = YES;
				ENABLE_USER_SCRIPT_SANDBOXING = YES;
				GCC_C_LANGUAGE_STANDARD = gnu17;
				GCC_NO_COMMON_BLOCKS = YES;
				GCC_WARN_64_TO_32_BIT_CONVERSION = YES;
				GCC_WARN_ABOUT_RETURN_TYPE = YES_ERROR;
				GCC_WARN_UNDECLARED_SELECTOR = YES;
				GCC_WARN_UNINITIALIZED_AUTOS = YES_AGGRESSIVE;
				GCC_WARN_UNUSED_FUNCTION = YES;
				GCC_WARN_UNUSED_VARIABLE = YES;
				IPHONEOS_DEPLOYMENT_TARGET = 18.4;
				LOCALIZATION_PREFERS_STRING_CATALOGS = YES;
				MTL_ENABLE_DEBUG_INFO = NO;
				MTL_FAST_MATH = YES;
				SDKROOT = iphoneos;
				SWIFT_COMPILATION_MODE = wholemodule;
				VALIDATE_PRODUCT = YES;
			};
			name = Release;
		};
		B09C4A412EBAC06400F30893 /* Debug */ = {
			isa = XCBuildConfiguration;
			buildSettings = {
				ASSETCATALOG_COMPILER_APPICON_NAME = AppIcon;
				ASSETCATALOG_COMPILER_GLOBAL_ACCENT_COLOR_NAME = AccentColor;
				CODE_SIGN_ENTITLEMENTS = AuraDemo/AuraDemo.entitlements;
				CODE_SIGN_STYLE = Automatic;
				CURRENT_PROJECT_VERSION = 1;
				DEVELOPMENT_TEAM = 42Q6MTW43U;
				ENABLE_PREVIEWS = YES;
				GENERATE_INFOPLIST_FILE = YES;
				INFOPLIST_FILE = AuraDemo/Info.plist;
				INFOPLIST_KEY_NSHealthShareUsageDescription = "Read fitness activity to create a shareable photo";
				INFOPLIST_KEY_NSLocationAlwaysAndWhenInUseUsageDescription = "Read location when creating photos";
				INFOPLIST_KEY_NSLocationWhenInUseUsageDescription = "Read location when creating photos";
				INFOPLIST_KEY_NSPhotoLibraryAddUsageDescription = "Add exported photos to photo library";
				INFOPLIST_KEY_NSPhotoLibraryUsageDescription = "Read photo library to create sharable photos";
				INFOPLIST_KEY_UIApplicationSceneManifest_Generation = YES;
				INFOPLIST_KEY_UIApplicationSupportsIndirectInputEvents = YES;
				INFOPLIST_KEY_UILaunchScreen_Generation = YES;
				INFOPLIST_KEY_UISupportedInterfaceOrientations_iPad = "UIInterfaceOrientationPortrait UIInterfaceOrientationPortraitUpsideDown UIInterfaceOrientationLandscapeLeft UIInterfaceOrientationLandscapeRight";
				INFOPLIST_KEY_UISupportedInterfaceOrientations_iPhone = "UIInterfaceOrientationPortrait UIInterfaceOrientationLandscapeLeft UIInterfaceOrientationLandscapeRight";
				LD_RUNPATH_SEARCH_PATHS = (
					"$(inherited)",
					"@executable_path/Frameworks",
				);
				MARKETING_VERSION = 1.0;
				PRODUCT_BUNDLE_IDENTIFIER = switchback.aurademo;
				PRODUCT_NAME = "$(TARGET_NAME)";
				SWIFT_EMIT_LOC_STRINGS = YES;
				SWIFT_VERSION = 5.0;
				TARGETED_DEVICE_FAMILY = "1,2";
			};
			name = Debug;
		};
		B09C4A422EBAC06400F30893 /* Release */ = {
			isa = XCBuildConfiguration;
			buildSettings = {
				ASSETCATALOG_COMPILER_APPICON_NAME = AppIcon;
				ASSETCATALOG_COMPILER_GLOBAL_ACCENT_COLOR_NAME = AccentColor;
				CODE_SIGN_ENTITLEMENTS = AuraDemo/AuraDemo.entitlements;
				CODE_SIGN_STYLE = Automatic;
				CURRENT_PROJECT_VERSION = 1;
				DEVELOPMENT_TEAM = 42Q6MTW43U;
				ENABLE_PREVIEWS = YES;
				GENERATE_INFOPLIST_FILE = YES;
				INFOPLIST_FILE = AuraDemo/Info.plist;
				INFOPLIST_KEY_NSHealthShareUsageDescription = "Read fitness activity to create a shareable photo";
				INFOPLIST_KEY_NSLocationAlwaysAndWhenInUseUsageDescription = "Read location when creating photos";
				INFOPLIST_KEY_NSLocationWhenInUseUsageDescription = "Read location when creating photos";
				INFOPLIST_KEY_NSPhotoLibraryAddUsageDescription = "Add exported photos to photo library";
				INFOPLIST_KEY_NSPhotoLibraryUsageDescription = "Read photo library to create sharable photos";
				INFOPLIST_KEY_UIApplicationSceneManifest_Generation = YES;
				INFOPLIST_KEY_UIApplicationSupportsIndirectInputEvents = YES;
				INFOPLIST_KEY_UILaunchScreen_Generation = YES;
				INFOPLIST_KEY_UISupportedInterfaceOrientations_iPad = "UIInterfaceOrientationPortrait UIInterfaceOrientationPortraitUpsideDown UIInterfaceOrientationLandscapeLeft UIInterfaceOrientationLandscapeRight";
				INFOPLIST_KEY_UISupportedInterfaceOrientations_iPhone = "UIInterfaceOrientationPortrait UIInterfaceOrientationLandscapeLeft UIInterfaceOrientationLandscapeRight";
				LD_RUNPATH_SEARCH_PATHS = (
					"$(inherited)",
					"@executable_path/Frameworks",
				);
				MARKETING_VERSION = 1.0;
				PRODUCT_BUNDLE_IDENTIFIER = switchback.aurademo;
				PRODUCT_NAME = "$(TARGET_NAME)";
				SWIFT_EMIT_LOC_STRINGS = YES;
				SWIFT_VERSION = 5.0;
				TARGETED_DEVICE_FAMILY = "1,2";
			};
			name = Release;
		};
		B09C4A442EBAC06400F30893 /* Debug */ = {
			isa = XCBuildConfiguration;
			buildSettings = {
				BUNDLE_LOADER = "$(TEST_HOST)";
				CODE_SIGN_STYLE = Automatic;
				CURRENT_PROJECT_VERSION = 1;
				DEVELOPMENT_TEAM = 42Q6MTW43U;
				GENERATE_INFOPLIST_FILE = YES;
				IPHONEOS_DEPLOYMENT_TARGET = 18.4;
				MARKETING_VERSION = 1.0;
				PRODUCT_BUNDLE_IDENTIFIER = switchback.auraswiftdemoTests;
				PRODUCT_NAME = "$(TARGET_NAME)";
				SWIFT_EMIT_LOC_STRINGS = NO;
				SWIFT_VERSION = 5.0;
				TARGETED_DEVICE_FAMILY = "1,2";
				TEST_HOST = "$(BUILT_PRODUCTS_DIR)/AuraDemo.app/$(BUNDLE_EXECUTABLE_FOLDER_PATH)/AuraDemo";
			};
			name = Debug;
		};
		B09C4A452EBAC06400F30893 /* Release */ = {
			isa = XCBuildConfiguration;
			buildSettings = {
				BUNDLE_LOADER = "$(TEST_HOST)";
				CODE_SIGN_STYLE = Automatic;
				CURRENT_PROJECT_VERSION = 1;
				DEVELOPMENT_TEAM = 42Q6MTW43U;
				GENERATE_INFOPLIST_FILE = YES;
				IPHONEOS_DEPLOYMENT_TARGET = 18.4;
				MARKETING_VERSION = 1.0;
				PRODUCT_BUNDLE_IDENTIFIER = switchback.auraswiftdemoTests;
				PRODUCT_NAME = "$(TARGET_NAME)";
				SWIFT_EMIT_LOC_STRINGS = NO;
				SWIFT_VERSION = 5.0;
				TARGETED_DEVICE_FAMILY = "1,2";
				TEST_HOST = "$(BUILT_PRODUCTS_DIR)/AuraDemo.app/$(BUNDLE_EXECUTABLE_FOLDER_PATH)/AuraDemo";
			};
			name = Release;
		};
		B09C4A472EBAC06400F30893 /* Debug */ = {
			isa = XCBuildConfiguration;
			buildSettings = {
				CODE_SIGN_STYLE = Automatic;
				CURRENT_PROJECT_VERSION = 1;
				DEVELOPMENT_TEAM = 42Q6MTW43U;
				GENERATE_INFOPLIST_FILE = YES;
				MARKETING_VERSION = 1.0;
				PRODUCT_BUNDLE_IDENTIFIER = switchback.auraswiftdemoUITests;
				PRODUCT_NAME = "$(TARGET_NAME)";
				SWIFT_EMIT_LOC_STRINGS = NO;
				SWIFT_VERSION = 5.0;
				TARGETED_DEVICE_FAMILY = "1,2";
				TEST_TARGET_NAME = auraswiftdemo;
			};
			name = Debug;
		};
		B09C4A482EBAC06400F30893 /* Release */ = {
			isa = XCBuildConfiguration;
			buildSettings = {
				CODE_SIGN_STYLE = Automatic;
				CURRENT_PROJECT_VERSION = 1;
				DEVELOPMENT_TEAM = 42Q6MTW43U;
				GENERATE_INFOPLIST_FILE = YES;
				MARKETING_VERSION = 1.0;
				PRODUCT_BUNDLE_IDENTIFIER = switchback.auraswiftdemoUITests;
				PRODUCT_NAME = "$(TARGET_NAME)";
				SWIFT_EMIT_LOC_STRINGS = NO;
				SWIFT_VERSION = 5.0;
				TARGETED_DEVICE_FAMILY = "1,2";
				TEST_TARGET_NAME = auraswiftdemo;
			};
			name = Release;
		};
/* End XCBuildConfiguration section */

/* Begin XCConfigurationList section */
		B09C4A1A2EBAC06300F30893 /* Build configuration list for PBXProject "AuraDemo" */ = {
			isa = XCConfigurationList;
			buildConfigurations = (
				B09C4A3E2EBAC06400F30893 /* Debug */,
				B09C4A3F2EBAC06400F30893 /* Release */,
			);
			defaultConfigurationIsVisible = 0;
			defaultConfigurationName = Release;
		};
		B09C4A402EBAC06400F30893 /* Build configuration list for PBXNativeTarget "AuraDemo" */ = {
			isa = XCConfigurationList;
			buildConfigurations = (
				B09C4A412EBAC06400F30893 /* Debug */,
				B09C4A422EBAC06400F30893 /* Release */,
			);
			defaultConfigurationIsVisible = 0;
			defaultConfigurationName = Release;
		};
		B09C4A432EBAC06400F30893 /* Build configuration list for PBXNativeTarget "AuraDemoTests" */ = {
			isa = XCConfigurationList;
			buildConfigurations = (
				B09C4A442EBAC06400F30893 /* Debug */,
				B09C4A452EBAC06400F30893 /* Release */,
			);
			defaultConfigurationIsVisible = 0;
			defaultConfigurationName = Release;
		};
		B09C4A462EBAC06400F30893 /* Build configuration list for PBXNativeTarget "AuraDemoUITests" */ = {
			isa = XCConfigurationList;
			buildConfigurations = (
				B09C4A472EBAC06400F30893 /* Debug */,
				B09C4A482EBAC06400F30893 /* Release */,
			);
			defaultConfigurationIsVisible = 0;
			defaultConfigurationName = Release;
		};
/* End XCConfigurationList section */
	};
	rootObject = B09C4A172EBAC06300F30893 /* Project object */;
}
